
Microsoft Visual Studio Solution File, Format Version 12.00
# Visual Studio Version 16
VisualStudioVersion = 16.0.33328.57
MinimumVisualStudioVersion = 10.0.40219.1
Project("{FAE04EC0-301F-11D3-BF4B-00C04F79EFBC}") = "TestPerformanceStringPool", "TestPerformanceStringPool.csproj", "{FC2A84E1-E67B-4E6B-B683-2D1150F38348}"
EndProject
Global
	GlobalSection(SolutionConfigurationPlatforms) = preSolution
		Debug|Any CPU = Debug|Any CPU
		Release|Any CPU = Release|Any CPU
	EndGlobalSection
	GlobalSection(ProjectConfigurationPlatforms) = postSolution
		{FC2A84E1-E67B-4E6B-B683-2D1150F38348}.Debug|Any CPU.ActiveCfg = Debug|Any CPU
		{FC2A84E1-E67B-4E6B-B683-2D1150F38348}.Debug|Any CPU.Build.0 = Debug|Any CPU
		{FC2A84E1-E67B-4E6B-B683-2D1150F38348}.Release|Any CPU.ActiveCfg = Release|Any CPU
		{FC2A84E1-E67B-4E6B-B683-2D1150F38348}.Release|Any CPU.Build.0 = Release|Any CPU
	EndGlobalSection
	GlobalSection(SolutionProperties) = preSolution
		HideSolutionNode = FALSE
	EndGlobalSection
	GlobalSection(ExtensibilityGlobals) = postSolution
		SolutionGuid = {0FBBB823-5BA8-4819-A2CF-E486905F586E}
	EndGlobalSection
EndGlobal
